PODS:
  - Amplitude-iOS (4.6.0)
  - Analytics (3.6.10)
  - boost-for-react-native (1.63.0)
  - DoubleConversion (1.1.6)
  - Firebase/Core (5.11.0):
    - Firebase/CoreOnly
    - FirebaseAnalytics (= 5.3.0)
  - Firebase/CoreOnly (5.11.0):
    - FirebaseCore (= 5.1.6)
  - Firebase/Messaging (5.11.0):
    - Firebase/CoreOnly
    - FirebaseMessaging (= 3.2.1)
  - FirebaseAnalytics (5.3.0):
    - FirebaseCore (~> 5.1)
    - FirebaseInstanceID (~> 3.3)
    - GoogleAppMeasurement (~> 5.3)
    - GoogleUtilities/AppDelegateSwizzler (~> 5.2)
    - GoogleUtilities/MethodSwizzler (~> 5.2)
    - GoogleUtilities/Network (~> 5.2)
    - "GoogleUtilities/NSData+zlib (~> 5.2)"
    - nanopb (~> 0.3)
  - FirebaseAnalyticsInterop (1.2.0)
  - FirebaseCore (5.1.6):
    - GoogleUtilities/Logger (~> 5.2)
  - FirebaseInstanceID (3.3.0):
    - FirebaseCore (~> 5.1)
    - GoogleUtilities/Environment (~> 5.3)
    - GoogleUtilities/UserDefaults (~> 5.3)
  - FirebaseMessaging (3.2.1):
    - FirebaseAnalyticsInterop (~> 1.1)
    - FirebaseCore (~> 5.1)
    - FirebaseInstanceID (~> 3.0)
    - GoogleUtilities/Environment (~> 5.2)
    - GoogleUtilities/Reachability (~> 5.2)
    - Protobuf (~> 3.1)
  - FLAnimatedImage (1.0.12)
  - Folly (2016.10.31.00):
    - boost-for-react-native
    - DoubleConversion
    - glog
  - glog (0.3.5)
  - GoogleAppMeasurement (5.8.1):
    - GoogleUtilities/AppDelegateSwizzler (~> 5.2)
    - GoogleUtilities/MethodSwizzler (~> 5.2)
    - GoogleUtilities/Network (~> 5.2)
    - "GoogleUtilities/NSData+zlib (~> 5.2)"
    - nanopb (~> 0.3)
  - GoogleUtilities/AppDelegateSwizzler (5.8.0):
    - GoogleUtilities/Environment
    - GoogleUtilities/Logger
    - GoogleUtilities/Network
  - GoogleUtilities/Environment (5.8.0)
  - GoogleUtilities/Logger (5.8.0):
    - GoogleUtilities/Environment
  - GoogleUtilities/MethodSwizzler (5.8.0):
    - GoogleUtilities/Logger
  - GoogleUtilities/Network (5.8.0):
    - GoogleUtilities/Logger
    - "GoogleUtilities/NSData+zlib"
    - GoogleUtilities/Reachability
  - "GoogleUtilities/NSData+zlib (5.8.0)"
  - GoogleUtilities/Reachability (5.8.0):
    - GoogleUtilities/Logger
  - GoogleUtilities/UserDefaults (5.8.0):
    - GoogleUtilities/Logger
  - libwebp (1.0.2):
    - libwebp/core (= 1.0.2)
    - libwebp/dec (= 1.0.2)
    - libwebp/demux (= 1.0.2)
    - libwebp/dsp (= 1.0.2)
    - libwebp/enc (= 1.0.2)
    - libwebp/mux (= 1.0.2)
    - libwebp/utils (= 1.0.2)
    - libwebp/webp (= 1.0.2)
  - libwebp/core (1.0.2):
    - libwebp/webp
  - libwebp/dec (1.0.2):
    - libwebp/core
  - libwebp/demux (1.0.2):
    - libwebp/core
  - libwebp/dsp (1.0.2):
    - libwebp/core
  - libwebp/enc (1.0.2):
    - libwebp/core
  - libwebp/mux (1.0.2):
    - libwebp/core
  - libwebp/utils (1.0.2):
    - libwebp/core
  - libwebp/webp (1.0.2)
  - nanopb (0.3.901):
    - nanopb/decode (= 0.3.901)
    - nanopb/encode (= 0.3.901)
  - nanopb/decode (0.3.901)
  - nanopb/encode (0.3.901)
  - Protobuf (3.8.0)
  - React (0.57.1):
    - React/Core (= 0.57.1)
  - react-native-fast-image (5.4.2):
    - FLAnimatedImage (~> 1)
    - React
    - SDWebImage/Core (~> 4)
    - SDWebImage/GIF (~> 4)
    - SDWebImage/WebP (~> 4)
  - react-native-photo-view (1.5.2):
    - React
  - react-native-webview (5.7.0):
    - React
  - React/Core (0.57.1):
    - yoga (= 0.57.1.React)
  - React/CxxBridge (0.57.1):
    - Folly (= 2016.10.31.00)
    - React/Core
    - React/cxxreact
  - React/cxxreact (0.57.1):
    - boost-for-react-native (= 1.63.0)
    - Folly (= 2016.10.31.00)
    - React/jschelpers
    - React/jsinspector
  - React/DevSupport (0.57.1):
    - React/Core
    - React/RCTWebSocket
  - React/fishhook (0.57.1)
  - React/jschelpers (0.57.1):
    - Folly (= 2016.10.31.00)
    - React/PrivateDatabase
  - React/jsinspector (0.57.1)
  - React/PrivateDatabase (0.57.1)
  - React/RCTActionSheet (0.57.1):
    - React/Core
  - React/RCTAnimation (0.57.1):
    - React/Core
  - React/RCTBlob (0.57.1):
    - React/Core
  - React/RCTGeolocation (0.57.1):
    - React/Core
  - React/RCTImage (0.57.1):
    - React/Core
    - React/RCTNetwork
  - React/RCTNetwork (0.57.1):
    - React/Core
  - React/RCTText (0.57.1):
    - React/Core
  - React/RCTWebSocket (0.57.1):
    - React/Core
    - React/fishhook
    - React/RCTBlob
  - RNAnalytics (0.1.0-beta.0):
    - Analytics
    - React
  - RNAnalyticsIntegration-Amplitude (0.1.0-beta.0):
    - Analytics
    - React
    - Segment-Amplitude
  - RNAnalyticsIntegration-Firebase (0.1.0-beta.0):
    - Analytics
    - React
    - Segment-Firebase
  - RNDeviceInfo (1.8.0):
    - React
  - RNKeychain (3.0.0):
    - React
  - RNSound (0.10.9):
    - React/Core
    - RNSound/Core (= 0.10.9)
  - RNSound/Core (0.10.9):
    - React/Core
  - RNSVG (6.5.2):
    - React
  - RNVectorIcons (5.0.0):
    - React
  - SDWebImage/Core (4.4.7)
  - SDWebImage/GIF (4.4.7):
    - FLAnimatedImage (~> 1.0)
    - SDWebImage/Core
  - SDWebImage/WebP (4.4.7):
    - libwebp (< 2.0, >= 0.5)
    - SDWebImage/Core
  - Segment-Amplitude (2.0.0):
    - Amplitude-iOS (~> 4.0)
    - Analytics (~> 3.6)
  - Segment-Firebase (2.4.0):
    - Analytics (~> 3.2)
    - Firebase/Core (~> 5.0)
    - Segment-Firebase/Core (= 2.4.0)
  - Segment-Firebase/Core (2.4.0):
    - Analytics (~> 3.2)
    - Firebase/Core (~> 5.0)
  - Sentry (4.0.1):
    - Sentry/Core (= 4.0.1)
  - Sentry/Core (4.0.1)
  - SentryReactNative (0.39.0):
    - React
    - Sentry (~> 4.0.1)
  - TextToSpeech (2.0.0):
    - React
  - WebEngage (4.9.1):
    - WebEngage/Xcode10 (= 4.9.1)
  - WebEngage/Xcode10 (4.9.1)
  - yoga (0.57.1.React)

DEPENDENCIES:
  - DoubleConversion (from `../node_modules/react-native/third-party-podspecs/DoubleConversion.podspec`)
  - Firebase/Core (~> 5.11.0)
  - Firebase/Messaging (~> 5.11.0)
  - Folly (from `../node_modules/react-native/third-party-podspecs/Folly.podspec`)
  - glog (from `../node_modules/react-native/third-party-podspecs/glog.podspec`)
  - react-native-fast-image (from `../node_modules/react-native-fast-image`)
  - react-native-photo-view (from `../node_modules/react-native-photo-view`)
  - react-native-webview (from `../node_modules/react-native-webview`)
  - React/Core (from `../node_modules/react-native`)
  - React/CxxBridge (from `../node_modules/react-native`)
  - React/cxxreact (from `../node_modules/react-native`)
  - React/DevSupport (from `../node_modules/react-native`)
  - React/jschelpers (from `../node_modules/react-native`)
  - React/RCTActionSheet (from `../node_modules/react-native`)
  - React/RCTAnimation (from `../node_modules/react-native`)
  - React/RCTGeolocation (from `../node_modules/react-native`)
  - React/RCTImage (from `../node_modules/react-native`)
  - React/RCTNetwork (from `../node_modules/react-native`)
  - React/RCTText (from `../node_modules/react-native`)
  - React/RCTWebSocket (from `../node_modules/react-native`)
  - "RNAnalytics (from `../node_modules/@segment/analytics-react-native`)"
  - "RNAnalyticsIntegration-Amplitude (from `../node_modules/@segment/analytics-react-native-amplitude`)"
  - "RNAnalyticsIntegration-Firebase (from `../node_modules/@segment/analytics-react-native-firebase`)"
  - RNDeviceInfo (from `../node_modules/react-native-device-info`)
  - RNKeychain (from `../node_modules/react-native-keychain`)
  - RNSound (from `../node_modules/react-native-sound`)
  - RNSVG (from `../node_modules/react-native-svg`)
  - RNVectorIcons (from `../node_modules/react-native-vector-icons`)
  - SentryReactNative (from `../node_modules/react-native-sentry`)
  - TextToSpeech (from `../node_modules/react-native-tts`)
  - WebEngage
  - yoga (from `../node_modules/react-native/ReactCommon/yoga`)

SPEC REPOS:
  https://github.com/cocoapods/specs.git:
    - Amplitude-iOS
    - Analytics
    - boost-for-react-native
    - Firebase
    - FirebaseAnalytics
    - FirebaseAnalyticsInterop
    - FirebaseCore
    - FirebaseInstanceID
    - FirebaseMessaging
    - FLAnimatedImage
    - GoogleAppMeasurement
    - GoogleUtilities
    - libwebp
    - nanopb
    - Protobuf
    - SDWebImage
    - Segment-Amplitude
    - Segment-Firebase
    - Sentry
    - WebEngage

EXTERNAL SOURCES:
  DoubleConversion:
    :podspec: "../node_modules/react-native/third-party-podspecs/DoubleConversion.podspec"
  Folly:
    :podspec: "../node_modules/react-native/third-party-podspecs/Folly.podspec"
  glog:
    :podspec: "../node_modules/react-native/third-party-podspecs/glog.podspec"
  React:
    :path: "../node_modules/react-native"
  react-native-fast-image:
    :path: "../node_modules/react-native-fast-image"
  react-native-photo-view:
    :path: "../node_modules/react-native-photo-view"
  react-native-webview:
    :path: "../node_modules/react-native-webview"
  RNAnalytics:
    :path: "../node_modules/@segment/analytics-react-native"
  RNAnalyticsIntegration-Amplitude:
    :path: "../node_modules/@segment/analytics-react-native-amplitude"
  RNAnalyticsIntegration-Firebase:
    :path: "../node_modules/@segment/analytics-react-native-firebase"
  RNDeviceInfo:
    :path: "../node_modules/react-native-device-info"
  RNKeychain:
    :path: "../node_modules/react-native-keychain"
  RNSound:
    :path: "../node_modules/react-native-sound"
  RNSVG:
    :path: "../node_modules/react-native-svg"
  RNVectorIcons:
    :path: "../node_modules/react-native-vector-icons"
  SentryReactNative:
    :path: "../node_modules/react-native-sentry"
  TextToSpeech:
    :path: "../node_modules/react-native-tts"
  yoga:
    :path: "../node_modules/react-native/ReactCommon/yoga"

SPEC CHECKSUMS:
  Amplitude-iOS: ac1715ae68104b7a51723209ad574f60ab22ae5f
  Analytics: 63744ad4afa65c3bcdcdb7a94b62515bde5b3900
  boost-for-react-native: 39c7adb57c4e60d6c5479dd8623128eb5b3f0f2c
  DoubleConversion: bb338842f62ab1d708ceb63ec3d999f0f3d98ecd
  Firebase: b48f9e653da971ecce5b8c749684bc8bb2d26bd3
  FirebaseAnalytics: 63202d2665de4e6adcbdce189135255d8b5962ba
  FirebaseAnalyticsInterop: efbe45c8385ec626e29f9525e5ebd38520dfb6c1
  FirebaseCore: d16552f06821489ce1affe2e5e3e5593402ddfe3
  FirebaseInstanceID: e2fa4cb35ef5558c200f7f0ad8a53e212215f93e
  FirebaseMessaging: 0f14a264b0d7f867e8eff5d3556bc5d0d4e57888
  FLAnimatedImage: 4a0b56255d9b05f18b6dd7ee06871be5d3b89e31
  Folly: c89ac2d5c6ab169cd7397ef27485c44f35f742c7
  glog: e8acf0ebbf99759d3ff18c86c292a5898282dcde
  GoogleAppMeasurement: ffe513e90551844a739e7bcbb1d2aca1c28a4338
  GoogleUtilities: 04fce34bcd5620c1ee76fb79172105c74a4df335
  libwebp: b068a3bd7c45f7460f6715be7bed1a18fd5d6b48
  nanopb: 2901f78ea1b7b4015c860c2fdd1ea2fee1a18d48
  Protobuf: 3f617b9a6e73605565086864c9bc26b2bf2dd5a3
  React: b4e0982b0ed6a7de90e96cf6fe5cf036aeadd1ec
  react-native-fast-image: 7278563726f2455ed3ba6e04dea472345173278c
  react-native-photo-view: 63e9e61da873531f931008b545d8d10c5373ddf8
  react-native-webview: 69ca34f590814ae44260d30e293ab4b7b3eea793
  RNAnalytics: 5c242b7f8117f108f5df71e96b908185db3fb4ee
  RNAnalyticsIntegration-Amplitude: e7756c2a9288cc89036fccd76edf9fd198beea83
  RNAnalyticsIntegration-Firebase: 1ff67172d2063f4248d176f0a96252ef3ef3a47c
  RNDeviceInfo: 9e6a0aece8e7455515103ce23372b393843a7ee7
  RNKeychain: 3aa3cf891a09a0d18d306862ab2bb9e106079b24
  RNSound: 24fa73ccfa6236a0b493e3f4bf3c952028dc3ce2
  RNSVG: 3c037ade1c42014de732e27e3879bf2b77ea78ea
  RNVectorIcons: f066f73bf4f25564d7ee7b1bb150e3b431f3a194
  SDWebImage: c10d14a8883ebd89664f02a422006f66a85c0c5d
  Segment-Amplitude: bef43d0ec5c2986fe50c1e534e3d4db0171867f4
  Segment-Firebase: cac4b742228ef74d50ed886f3fc731e4bc8b7d29
  Sentry: a38f7879924c02239e121b19d993d23bdd1684db
  SentryReactNative: 0dc14d9821b62658796882a954dc67dd2f175d29
  TextToSpeech: 4e2fc50c7495416c6da5a1662ad3f750c58d3c85
  WebEngage: b77d3bc788974bd978354df4554a49481bee825f
  yoga: 5e2e4bcf11188977f799b64625dc5913c2aea8fd

PODFILE CHECKSUM: b4b74998895e1b78892dedcc0d23b7b8784258cd

COCOAPODS: 1.7.2
